
Microsoft Visual Studio Solution File, Format Version 12.00
# Visual Studio Version 17
VisualStudioVersion = 17.12.35521.163
MinimumVisualStudioVersion = 10.0.40219.1
Project("{2150E333-8FDC-42A3-9474-1A3956D46DE8}") = "src", "src", "{347789B6-5856-4B17-8540-49521D167AD7}"
EndProject
Project("{FAE04EC0-301F-11D3-BF4B-00C04F79EFBC}") = "Web", "src\Web\Web.csproj", "{FD906B30-32EE-4018-B183-D1D9E4D8928C}"
	ProjectSection(ProjectDependencies) = postProject
		{B8CEB830-3C26-4005-85BD-43A40514BB2F} = {B8CEB830-3C26-4005-85BD-43A40514BB2F}
	EndProjectSection
EndProject
Project("{FAE04EC0-301F-11D3-BF4B-00C04F79EFBC}") = "Presentation", "src\Presentation\Presentation.csproj", "{B8CEB830-3C26-4005-85BD-43A40514BB2F}"
EndProject
Project("{FAE04EC0-301F-11D3-BF4B-00C04F79EFBC}") = "Application", "src\Application\Application.csproj", "{D6304494-D37F-405D-8598-07D4F66FCC77}"
EndProject
Project("{FAE04EC0-301F-11D3-BF4B-00C04F79EFBC}") = "Infrastructure", "src\Infrastructure\Infrastructure.csproj", "{35611CCB-47CF-44B1-8FCF-D5ED13ECC3C0}"
EndProject
Project("{FAE04EC0-301F-11D3-BF4B-00C04F79EFBC}") = "docker-compose", "docker-compose.dcproj", "{2C8C9A2B-A4F3-444B-B337-69DEE0B8C3D9}"
EndProject
Project("{FAE04EC0-301F-11D3-BF4B-00C04F79EFBC}") = "Domain", "src\Domain\Domain.csproj", "{68C5D357-C192-4079-AC7C-A91B3B7E4129}"
EndProject
Project("{2150E333-8FDC-42A3-9474-1A3956D46DE8}") = "tests", "tests", "{963FC8EE-3DAD-43E6-A384-50FFDEC270C0}"
EndProject
Project("{FAE04EC0-301F-11D3-BF4B-00C04F79EFBC}") = "Application.UnitTests", "Application.UnitTests\Application.UnitTests.csproj", "{F90CCD01-6A8A-4D60-BF1B-06116BA74341}"
EndProject
Project("{FAE04EC0-301F-11D3-BF4B-00C04F79EFBC}") = "Application.IntegrationTests", "Application.IntegrationTests\Application.IntegrationTests.csproj", "{1041B27E-4974-474D-8C5E-A8CDCF0C3A8C}"
EndProject
Global
	GlobalSection(SolutionConfigurationPlatforms) = preSolution
		Debug|Any CPU = Debug|Any CPU
		Release|Any CPU = Release|Any CPU
	EndGlobalSection
	GlobalSection(ProjectConfigurationPlatforms) = postSolution
		{FD906B30-32EE-4018-B183-D1D9E4D8928C}.Debug|Any CPU.ActiveCfg = Debug|Any CPU
		{FD906B30-32EE-4018-B183-D1D9E4D8928C}.Debug|Any CPU.Build.0 = Debug|Any CPU
		{FD906B30-32EE-4018-B183-D1D9E4D8928C}.Release|Any CPU.ActiveCfg = Release|Any CPU
		{FD906B30-32EE-4018-B183-D1D9E4D8928C}.Release|Any CPU.Build.0 = Release|Any CPU
		{B8CEB830-3C26-4005-85BD-43A40514BB2F}.Debug|Any CPU.ActiveCfg = Debug|Any CPU
		{B8CEB830-3C26-4005-85BD-43A40514BB2F}.Debug|Any CPU.Build.0 = Debug|Any CPU
		{B8CEB830-3C26-4005-85BD-43A40514BB2F}.Release|Any CPU.ActiveCfg = Release|Any CPU
		{B8CEB830-3C26-4005-85BD-43A40514BB2F}.Release|Any CPU.Build.0 = Release|Any CPU
		{D6304494-D37F-405D-8598-07D4F66FCC77}.Debug|Any CPU.ActiveCfg = Debug|Any CPU
		{D6304494-D37F-405D-8598-07D4F66FCC77}.Debug|Any CPU.Build.0 = Debug|Any CPU
		{D6304494-D37F-405D-8598-07D4F66FCC77}.Release|Any CPU.ActiveCfg = Release|Any CPU
		{D6304494-D37F-405D-8598-07D4F66FCC77}.Release|Any CPU.Build.0 = Release|Any CPU
		{35611CCB-47CF-44B1-8FCF-D5ED13ECC3C0}.Debug|Any CPU.ActiveCfg = Debug|Any CPU
		{35611CCB-47CF-44B1-8FCF-D5ED13ECC3C0}.Debug|Any CPU.Build.0 = Debug|Any CPU
		{35611CCB-47CF-44B1-8FCF-D5ED13ECC3C0}.Release|Any CPU.ActiveCfg = Release|Any CPU
		{35611CCB-47CF-44B1-8FCF-D5ED13ECC3C0}.Release|Any CPU.Build.0 = Release|Any CPU
		{2C8C9A2B-A4F3-444B-B337-69DEE0B8C3D9}.Debug|Any CPU.ActiveCfg = Debug|Any CPU
		{2C8C9A2B-A4F3-444B-B337-69DEE0B8C3D9}.Debug|Any CPU.Build.0 = Debug|Any CPU
		{2C8C9A2B-A4F3-444B-B337-69DEE0B8C3D9}.Release|Any CPU.ActiveCfg = Debug|Any CPU
		{2C8C9A2B-A4F3-444B-B337-69DEE0B8C3D9}.Release|Any CPU.Build.0 = Debug|Any CPU
		{68C5D357-C192-4079-AC7C-A91B3B7E4129}.Debug|Any CPU.ActiveCfg = Debug|Any CPU
		{68C5D357-C192-4079-AC7C-A91B3B7E4129}.Debug|Any CPU.Build.0 = Debug|Any CPU
		{68C5D357-C192-4079-AC7C-A91B3B7E4129}.Release|Any CPU.ActiveCfg = Release|Any CPU
		{68C5D357-C192-4079-AC7C-A91B3B7E4129}.Release|Any CPU.Build.0 = Release|Any CPU
		{F90CCD01-6A8A-4D60-BF1B-06116BA74341}.Debug|Any CPU.ActiveCfg = Debug|Any CPU
		{F90CCD01-6A8A-4D60-BF1B-06116BA74341}.Debug|Any CPU.Build.0 = Debug|Any CPU
		{F90CCD01-6A8A-4D60-BF1B-06116BA74341}.Release|Any CPU.ActiveCfg = Release|Any CPU
		{F90CCD01-6A8A-4D60-BF1B-06116BA74341}.Release|Any CPU.Build.0 = Release|Any CPU
		{1041B27E-4974-474D-8C5E-A8CDCF0C3A8C}.Debug|Any CPU.ActiveCfg = Debug|Any CPU
		{1041B27E-4974-474D-8C5E-A8CDCF0C3A8C}.Debug|Any CPU.Build.0 = Debug|Any CPU
		{1041B27E-4974-474D-8C5E-A8CDCF0C3A8C}.Release|Any CPU.ActiveCfg = Release|Any CPU
		{1041B27E-4974-474D-8C5E-A8CDCF0C3A8C}.Release|Any CPU.Build.0 = Release|Any CPU
	EndGlobalSection
	GlobalSection(SolutionProperties) = preSolution
		HideSolutionNode = FALSE
	EndGlobalSection
	GlobalSection(NestedProjects) = preSolution
		{FD906B30-32EE-4018-B183-D1D9E4D8928C} = {347789B6-5856-4B17-8540-49521D167AD7}
		{B8CEB830-3C26-4005-85BD-43A40514BB2F} = {347789B6-5856-4B17-8540-49521D167AD7}
		{D6304494-D37F-405D-8598-07D4F66FCC77} = {347789B6-5856-4B17-8540-49521D167AD7}
		{35611CCB-47CF-44B1-8FCF-D5ED13ECC3C0} = {347789B6-5856-4B17-8540-49521D167AD7}
		{68C5D357-C192-4079-AC7C-A91B3B7E4129} = {347789B6-5856-4B17-8540-49521D167AD7}
		{F90CCD01-6A8A-4D60-BF1B-06116BA74341} = {963FC8EE-3DAD-43E6-A384-50FFDEC270C0}
		{1041B27E-4974-474D-8C5E-A8CDCF0C3A8C} = {963FC8EE-3DAD-43E6-A384-50FFDEC270C0}
	EndGlobalSection
EndGlobal
